
Microsoft Visual Studio Solution File, Format Version 12.00
# Visual Studio 15
VisualStudioVersion = 15.0.27428.2015
MinimumVisualStudioVersion = 10.0.40219.1
Project("{FAE04EC0-301F-11D3-BF4B-00C04F79EFBC}") = "DemoWriters", "DemoWriters\DemoWriters.csproj", "{4477E631-D243-49E9-87FF-4464EF7E41D6}"
EndProject
Project("{FAE04EC0-301F-11D3-BF4B-00C04F79EFBC}") = "XMLLInqDemo", "XMLLInqDemo\XMLLInqDemo.csproj", "{24866CE2-5771-4496-9EFF-1BA64831150E}"
EndProject
Global
	GlobalSection(SolutionConfigurationPlatforms) = preSolution
		Debug|Any CPU = Debug|Any CPU
		Release|Any CPU = Release|Any CPU
	EndGlobalSection
	GlobalSection(ProjectConfigurationPlatforms) = postSolution
		{4477E631-D243-49E9-87FF-4464EF7E41D6}.Debug|Any CPU.ActiveCfg = Debug|Any CPU
		{4477E631-D243-49E9-87FF-4464EF7E41D6}.Debug|Any CPU.Build.0 = Debug|Any CPU
		{4477E631-D243-49E9-87FF-4464EF7E41D6}.Release|Any CPU.ActiveCfg = Release|Any CPU
		{4477E631-D243-49E9-87FF-4464EF7E41D6}.Release|Any CPU.Build.0 = Release|Any CPU
		{24866CE2-5771-4496-9EFF-1BA64831150E}.Debug|Any CPU.ActiveCfg = Debug|Any CPU
		{24866CE2-5771-4496-9EFF-1BA64831150E}.Debug|Any CPU.Build.0 = Debug|Any CPU
		{24866CE2-5771-4496-9EFF-1BA64831150E}.Release|Any CPU.ActiveCfg = Release|Any CPU
		{24866CE2-5771-4496-9EFF-1BA64831150E}.Release|Any CPU.Build.0 = Release|Any CPU
	EndGlobalSection
	GlobalSection(SolutionProperties) = preSolution
		HideSolutionNode = FALSE
	EndGlobalSection
	GlobalSection(ExtensibilityGlobals) = postSolution
		SolutionGuid = {6C88883A-3E3C-47D7-A7DE-180A4541A46B}
	EndGlobalSection
EndGlobal
